
Microsoft Visual Studio Solution File, Format Version 12.00
# Visual Studio Version 16
VisualStudioVersion = 16.0.29021.104
MinimumVisualStudioVersion = 10.0.40219.1
Project("{FAE04EC0-301F-11D3-BF4B-00C04F79EFBC}") = "FT2232ImageOutput", "FT2232ImageOutput\FT2232ImageOutput.csproj", "{5A78E2BF-D060-490F-8934-BBDE621D815D}"
EndProject
Project("{FAE04EC0-301F-11D3-BF4B-00C04F79EFBC}") = "DSS.ILDA", "DSS.ILDA\DSS.ILDA.csproj", "{487F593F-398B-4F3C-A2B8-B4548297E0CE}"
EndProject
Global
	GlobalSection(SolutionConfigurationPlatforms) = preSolution
		Debug|Any CPU = Debug|Any CPU
		Release|Any CPU = Release|Any CPU
	EndGlobalSection
	GlobalSection(ProjectConfigurationPlatforms) = postSolution
		{5A78E2BF-D060-490F-8934-BBDE621D815D}.Debug|Any CPU.ActiveCfg = Debug|Any CPU
		{5A78E2BF-D060-490F-8934-BBDE621D815D}.Debug|Any CPU.Build.0 = Debug|Any CPU
		{5A78E2BF-D060-490F-8934-BBDE621D815D}.Release|Any CPU.ActiveCfg = Release|Any CPU
		{5A78E2BF-D060-490F-8934-BBDE621D815D}.Release|Any CPU.Build.0 = Release|Any CPU
		{487F593F-398B-4F3C-A2B8-B4548297E0CE}.Debug|Any CPU.ActiveCfg = Debug|Any CPU
		{487F593F-398B-4F3C-A2B8-B4548297E0CE}.Debug|Any CPU.Build.0 = Debug|Any CPU
		{487F593F-398B-4F3C-A2B8-B4548297E0CE}.Release|Any CPU.ActiveCfg = Release|Any CPU
		{487F593F-398B-4F3C-A2B8-B4548297E0CE}.Release|Any CPU.Build.0 = Release|Any CPU
	EndGlobalSection
	GlobalSection(SolutionProperties) = preSolution
		HideSolutionNode = FALSE
	EndGlobalSection
	GlobalSection(ExtensibilityGlobals) = postSolution
		SolutionGuid = {F8887AD2-2BCB-4554-B1A4-03E720A54838}
	EndGlobalSection
EndGlobal
